
Microsoft Visual Studio Solution File, Format Version 12.00
# Visual Studio 14
VisualStudioVersion = 14.0.23107.0
MinimumVisualStudioVersion = 10.0.40219.1
Project("{FAE04EC0-301F-11D3-BF4B-00C04F79EFBC}") = "RockPaperScissors", "RockPaperScissors.csproj", "{A81C66A8-7D5C-4000-94E3-0A45FC80150A}"
EndProject
Global
	GlobalSection(SolutionConfigurationPlatforms) = preSolution
		Debug|Any CPU = Debug|Any CPU
		Release|Any CPU = Release|Any CPU
	EndGlobalSection
	GlobalSection(ProjectConfigurationPlatforms) = postSolution
		{A81C66A8-7D5C-4000-94E3-0A45FC80150A}.Debug|Any CPU.ActiveCfg = Debug|Any CPU
		{A81C66A8-7D5C-4000-94E3-0A45FC80150A}.Debug|Any CPU.Build.0 = Debug|Any CPU
		{A81C66A8-7D5C-4000-94E3-0A45FC80150A}.Release|Any CPU.ActiveCfg = Release|Any CPU
		{A81C66A8-7D5C-4000-94E3-0A45FC80150A}.Release|Any CPU.Build.0 = Release|Any CPU
	EndGlobalSection
	GlobalSection(SolutionProperties) = preSolution
		HideSolutionNode = FALSE
	EndGlobalSection
EndGlobal
