
Microsoft Visual Studio Solution File, Format Version 12.00
# Visual Studio 14
VisualStudioVersion = 14.0.24720.0
MinimumVisualStudioVersion = 10.0.40219.1
Project("{FAE04EC0-301F-11D3-BF4B-00C04F79EFBC}") = "FiveColors2", "FiveColors2.csproj", "{FA80B541-B477-42AF-A3E8-02E9CB0B9EBA}"
EndProject
Global
	GlobalSection(SolutionConfigurationPlatforms) = preSolution
		Debug|Any CPU = Debug|Any CPU
		Release|Any CPU = Release|Any CPU
	EndGlobalSection
	GlobalSection(ProjectConfigurationPlatforms) = postSolution
		{FA80B541-B477-42AF-A3E8-02E9CB0B9EBA}.Debug|Any CPU.ActiveCfg = Debug|Any CPU
		{FA80B541-B477-42AF-A3E8-02E9CB0B9EBA}.Debug|Any CPU.Build.0 = Debug|Any CPU
		{FA80B541-B477-42AF-A3E8-02E9CB0B9EBA}.Release|Any CPU.ActiveCfg = Release|Any CPU
		{FA80B541-B477-42AF-A3E8-02E9CB0B9EBA}.Release|Any CPU.Build.0 = Release|Any CPU
	EndGlobalSection
	GlobalSection(SolutionProperties) = preSolution
		HideSolutionNode = FALSE
	EndGlobalSection
EndGlobal
