
Microsoft Visual Studio Solution File, Format Version 12.00
# Visual Studio 14
VisualStudioVersion = 14.0.23107.0
MinimumVisualStudioVersion = 10.0.40219.1
Project("{FAE04EC0-301F-11D3-BF4B-00C04F79EFBC}") = "CarRentalInteractiveGUI", "CarRentalInteractiveGUI.csproj", "{B94F78BC-FF90-45E6-B479-BDDC246F3B1B}"
EndProject
Global
	GlobalSection(SolutionConfigurationPlatforms) = preSolution
		Debug|Any CPU = Debug|Any CPU
		Release|Any CPU = Release|Any CPU
	EndGlobalSection
	GlobalSection(ProjectConfigurationPlatforms) = postSolution
		{B94F78BC-FF90-45E6-B479-BDDC246F3B1B}.Debug|Any CPU.ActiveCfg = Debug|Any CPU
		{B94F78BC-FF90-45E6-B479-BDDC246F3B1B}.Debug|Any CPU.Build.0 = Debug|Any CPU
		{B94F78BC-FF90-45E6-B479-BDDC246F3B1B}.Release|Any CPU.ActiveCfg = Release|Any CPU
		{B94F78BC-FF90-45E6-B479-BDDC246F3B1B}.Release|Any CPU.Build.0 = Release|Any CPU
	EndGlobalSection
	GlobalSection(SolutionProperties) = preSolution
		HideSolutionNode = FALSE
	EndGlobalSection
EndGlobal
