
Microsoft Visual Studio Solution File, Format Version 12.00
# Visual Studio 14
VisualStudioVersion = 14.0.24720.0
MinimumVisualStudioVersion = 10.0.40219.1
Project("{FAE04EC0-301F-11D3-BF4B-00C04F79EFBC}") = "PackageDemo", "PackageDemo.csproj", "{CDA421B1-59A8-44C0-AD79-4294F703C5DF}"
EndProject
Global
	GlobalSection(SolutionConfigurationPlatforms) = preSolution
		Debug|Any CPU = Debug|Any CPU
		Release|Any CPU = Release|Any CPU
	EndGlobalSection
	GlobalSection(ProjectConfigurationPlatforms) = postSolution
		{CDA421B1-59A8-44C0-AD79-4294F703C5DF}.Debug|Any CPU.ActiveCfg = Debug|Any CPU
		{CDA421B1-59A8-44C0-AD79-4294F703C5DF}.Debug|Any CPU.Build.0 = Debug|Any CPU
		{CDA421B1-59A8-44C0-AD79-4294F703C5DF}.Release|Any CPU.ActiveCfg = Release|Any CPU
		{CDA421B1-59A8-44C0-AD79-4294F703C5DF}.Release|Any CPU.Build.0 = Release|Any CPU
	EndGlobalSection
	GlobalSection(SolutionProperties) = preSolution
		HideSolutionNode = FALSE
	EndGlobalSection
EndGlobal
