
Microsoft Visual Studio Solution File, Format Version 12.00
# Visual Studio 14
VisualStudioVersion = 14.0.24720.0
MinimumVisualStudioVersion = 10.0.40219.1
Project("{FAE04EC0-301F-11D3-BF4B-00C04F79EFBC}") = "myApp2", "myApp2.csproj", "{94B01FFF-8CEF-4781-B99A-A79B3F48763A}"
EndProject
Global
	GlobalSection(SolutionConfigurationPlatforms) = preSolution
		Ad-Hoc|iPhone = Ad-Hoc|iPhone
		Ad-Hoc|iPhoneSimulator = Ad-Hoc|iPhoneSimulator
		AppStore|iPhone = AppStore|iPhone
		AppStore|iPhoneSimulator = AppStore|iPhoneSimulator
		Debug|iPhone = Debug|iPhone
		Debug|iPhoneSimulator = Debug|iPhoneSimulator
		Release|iPhone = Release|iPhone
		Release|iPhoneSimulator = Release|iPhoneSimulator
	EndGlobalSection
	GlobalSection(ProjectConfigurationPlatforms) = postSolution
		{94B01FFF-8CEF-4781-B99A-A79B3F48763A}.Ad-Hoc|iPhone.ActiveCfg = Ad-Hoc|iPhone
		{94B01FFF-8CEF-4781-B99A-A79B3F48763A}.Ad-Hoc|iPhone.Build.0 = Ad-Hoc|iPhone
		{94B01FFF-8CEF-4781-B99A-A79B3F48763A}.Ad-Hoc|iPhoneSimulator.ActiveCfg = Ad-Hoc|iPhoneSimulator
		{94B01FFF-8CEF-4781-B99A-A79B3F48763A}.Ad-Hoc|iPhoneSimulator.Build.0 = Ad-Hoc|iPhoneSimulator
		{94B01FFF-8CEF-4781-B99A-A79B3F48763A}.AppStore|iPhone.ActiveCfg = AppStore|iPhone
		{94B01FFF-8CEF-4781-B99A-A79B3F48763A}.AppStore|iPhone.Build.0 = AppStore|iPhone
		{94B01FFF-8CEF-4781-B99A-A79B3F48763A}.AppStore|iPhoneSimulator.ActiveCfg = AppStore|iPhoneSimulator
		{94B01FFF-8CEF-4781-B99A-A79B3F48763A}.AppStore|iPhoneSimulator.Build.0 = AppStore|iPhoneSimulator
		{94B01FFF-8CEF-4781-B99A-A79B3F48763A}.Debug|iPhone.ActiveCfg = Debug|iPhone
		{94B01FFF-8CEF-4781-B99A-A79B3F48763A}.Debug|iPhone.Build.0 = Debug|iPhone
		{94B01FFF-8CEF-4781-B99A-A79B3F48763A}.Debug|iPhoneSimulator.ActiveCfg = Debug|iPhoneSimulator
		{94B01FFF-8CEF-4781-B99A-A79B3F48763A}.Debug|iPhoneSimulator.Build.0 = Debug|iPhoneSimulator
		{94B01FFF-8CEF-4781-B99A-A79B3F48763A}.Release|iPhone.ActiveCfg = Release|iPhone
		{94B01FFF-8CEF-4781-B99A-A79B3F48763A}.Release|iPhone.Build.0 = Release|iPhone
		{94B01FFF-8CEF-4781-B99A-A79B3F48763A}.Release|iPhoneSimulator.ActiveCfg = Release|iPhoneSimulator
		{94B01FFF-8CEF-4781-B99A-A79B3F48763A}.Release|iPhoneSimulator.Build.0 = Release|iPhoneSimulator
	EndGlobalSection
	GlobalSection(SolutionProperties) = preSolution
		HideSolutionNode = FALSE
	EndGlobalSection
EndGlobal
