
Microsoft Visual Studio Solution File, Format Version 12.00
# Visual Studio 14
VisualStudioVersion = 14.0.24720.0
MinimumVisualStudioVersion = 10.0.40219.1
Project("{FAE04EC0-301F-11D3-BF4B-00C04F79EFBC}") = "PaintingEstimate", "PaintingEstimate.csproj", "{568E548C-6821-4CAB-8637-FF212D1D8D6E}"
EndProject
Global
	GlobalSection(SolutionConfigurationPlatforms) = preSolution
		Debug|Any CPU = Debug|Any CPU
		Release|Any CPU = Release|Any CPU
	EndGlobalSection
	GlobalSection(ProjectConfigurationPlatforms) = postSolution
		{568E548C-6821-4CAB-8637-FF212D1D8D6E}.Debug|Any CPU.ActiveCfg = Debug|Any CPU
		{568E548C-6821-4CAB-8637-FF212D1D8D6E}.Debug|Any CPU.Build.0 = Debug|Any CPU
		{568E548C-6821-4CAB-8637-FF212D1D8D6E}.Release|Any CPU.ActiveCfg = Release|Any CPU
		{568E548C-6821-4CAB-8637-FF212D1D8D6E}.Release|Any CPU.Build.0 = Release|Any CPU
	EndGlobalSection
	GlobalSection(SolutionProperties) = preSolution
		HideSolutionNode = FALSE
	EndGlobalSection
EndGlobal
